
Microsoft Visual Studio Solution File, Format Version 12.00
# Visual Studio 15
VisualStudioVersion = 15.0.27428.2037
MinimumVisualStudioVersion = 10.0.40219.1
Project("{FAE04EC0-301F-11D3-BF4B-00C04F79EFBC}") = "AI", "AI.csproj", "{A9F15FD4-23F2-41DB-833B-C786A2053A37}"
EndProject
Global
	GlobalSection(SolutionConfigurationPlatforms) = preSolution
		Debug|Any CPU = Debug|Any CPU
		Release|Any CPU = Release|Any CPU
	EndGlobalSection
	GlobalSection(ProjectConfigurationPlatforms) = postSolution
		{A9F15FD4-23F2-41DB-833B-C786A2053A37}.Debug|Any CPU.ActiveCfg = Debug|Any CPU
		{A9F15FD4-23F2-41DB-833B-C786A2053A37}.Debug|Any CPU.Build.0 = Debug|Any CPU
		{A9F15FD4-23F2-41DB-833B-C786A2053A37}.Release|Any CPU.ActiveCfg = Release|Any CPU
		{A9F15FD4-23F2-41DB-833B-C786A2053A37}.Release|Any CPU.Build.0 = Release|Any CPU
	EndGlobalSection
	GlobalSection(SolutionProperties) = preSolution
		HideSolutionNode = FALSE
	EndGlobalSection
	GlobalSection(ExtensibilityGlobals) = postSolution
		SolutionGuid = {4743C3AD-58A7-4224-B590-B49B1DBEFE63}
	EndGlobalSection
EndGlobal
